
Microsoft Visual Studio Solution File, Format Version 12.00
Project("{FAE04EC0-301F-11D3-BF4B-00C04F79EFBC}") = "Wolf.ManagerService.Domain", "src\Wolf.ManagerService.Domain\Wolf.ManagerService.Domain.csproj", "{4E07AFA7-7DC3-4AB5-AD14-99BFF62EBB5C}"
EndProject
Project("{FAE04EC0-301F-11D3-BF4B-00C04F79EFBC}") = "Wolf.ManagerService.Domain.Repository", "src\Wolf.ManagerService.Domain.Repository\Wolf.ManagerService.Domain.Repository.csproj", "{ECD49BCB-50EC-4F56-BC13-789B4CD46874}"
EndProject
Project("{FAE04EC0-301F-11D3-BF4B-00C04F79EFBC}") = "Wolf.ManagerService.Infrastructure", "src\Wolf.ManagerService.Infrastructure\Wolf.ManagerService.Infrastructure.csproj", "{AC9FA002-7140-47F3-97B3-0366301EBEA1}"
EndProject
Project("{FAE04EC0-301F-11D3-BF4B-00C04F79EFBC}") = "Wolf.ManagerService", "src\Wolf.ManagerService\Wolf.ManagerService.csproj", "{C09F29EC-E4EF-458A-9DD6-920E7D081FBC}"
EndProject
Global
	GlobalSection(SolutionConfigurationPlatforms) = preSolution
		Debug|Any CPU = Debug|Any CPU
		Release|Any CPU = Release|Any CPU
	EndGlobalSection
	GlobalSection(ProjectConfigurationPlatforms) = postSolution
		{4E07AFA7-7DC3-4AB5-AD14-99BFF62EBB5C}.Debug|Any CPU.ActiveCfg = Debug|Any CPU
		{4E07AFA7-7DC3-4AB5-AD14-99BFF62EBB5C}.Debug|Any CPU.Build.0 = Debug|Any CPU
		{4E07AFA7-7DC3-4AB5-AD14-99BFF62EBB5C}.Release|Any CPU.ActiveCfg = Release|Any CPU
		{4E07AFA7-7DC3-4AB5-AD14-99BFF62EBB5C}.Release|Any CPU.Build.0 = Release|Any CPU
		{ECD49BCB-50EC-4F56-BC13-789B4CD46874}.Debug|Any CPU.ActiveCfg = Debug|Any CPU
		{ECD49BCB-50EC-4F56-BC13-789B4CD46874}.Debug|Any CPU.Build.0 = Debug|Any CPU
		{ECD49BCB-50EC-4F56-BC13-789B4CD46874}.Release|Any CPU.ActiveCfg = Release|Any CPU
		{ECD49BCB-50EC-4F56-BC13-789B4CD46874}.Release|Any CPU.Build.0 = Release|Any CPU
		{AC9FA002-7140-47F3-97B3-0366301EBEA1}.Debug|Any CPU.ActiveCfg = Debug|Any CPU
		{AC9FA002-7140-47F3-97B3-0366301EBEA1}.Debug|Any CPU.Build.0 = Debug|Any CPU
		{AC9FA002-7140-47F3-97B3-0366301EBEA1}.Release|Any CPU.ActiveCfg = Release|Any CPU
		{AC9FA002-7140-47F3-97B3-0366301EBEA1}.Release|Any CPU.Build.0 = Release|Any CPU
		{C09F29EC-E4EF-458A-9DD6-920E7D081FBC}.Debug|Any CPU.ActiveCfg = Debug|Any CPU
		{C09F29EC-E4EF-458A-9DD6-920E7D081FBC}.Debug|Any CPU.Build.0 = Debug|Any CPU
		{C09F29EC-E4EF-458A-9DD6-920E7D081FBC}.Release|Any CPU.ActiveCfg = Release|Any CPU
		{C09F29EC-E4EF-458A-9DD6-920E7D081FBC}.Release|Any CPU.Build.0 = Release|Any CPU
	EndGlobalSection
EndGlobal
